
Microsoft Visual Studio Solution File, Format Version 12.00
# Visual Studio Version 17
VisualStudioVersion = 17.0.31903.59
MinimumVisualStudioVersion = 10.0.40219.1
Project("{2150E333-8FDC-42A3-9474-1A3956D46DE8}") = "src", "src", "{31854579-B32C-4B02-AB06-E5A40A1D7AC1}"
EndProject
Project("{FAE04EC0-301F-11D3-BF4B-00C04F79EFBC}") = "Indigo.Core", "src\Indigo.Core\Indigo.Core.csproj", "{1139A7CF-4B17-4BB7-8C3B-A0826F536BA6}"
EndProject
Project("{FAE04EC0-301F-11D3-BF4B-00C04F79EFBC}") = "Indigo.Infrastructure", "src\Indigo.Infrastructure\Indigo.Infrastructure.csproj", "{9212D990-2166-4942-9989-10587AF391C8}"
EndProject
Project("{FAE04EC0-301F-11D3-BF4B-00C04F79EFBC}") = "Indigo.Application", "src\Indigo.Application\Indigo.Application.csproj", "{9CA79B08-FB16-47A4-B6D6-B38F7CAF76B6}"
EndProject
Project("{FAE04EC0-301F-11D3-BF4B-00C04F79EFBC}") = "Indigo.WebAPI", "src\Indigo.WebAPI\Indigo.WebAPI.csproj", "{A027871B-41A6-4E31-AD92-F849CB1A0F94}"
EndProject
Global
	GlobalSection(SolutionConfigurationPlatforms) = preSolution
		Debug|Any CPU = Debug|Any CPU
		Release|Any CPU = Release|Any CPU
	EndGlobalSection
	GlobalSection(SolutionProperties) = preSolution
		HideSolutionNode = FALSE
	EndGlobalSection
	GlobalSection(ProjectConfigurationPlatforms) = postSolution
		{1139A7CF-4B17-4BB7-8C3B-A0826F536BA6}.Debug|Any CPU.ActiveCfg = Debug|Any CPU
		{1139A7CF-4B17-4BB7-8C3B-A0826F536BA6}.Debug|Any CPU.Build.0 = Debug|Any CPU
		{1139A7CF-4B17-4BB7-8C3B-A0826F536BA6}.Release|Any CPU.ActiveCfg = Release|Any CPU
		{1139A7CF-4B17-4BB7-8C3B-A0826F536BA6}.Release|Any CPU.Build.0 = Release|Any CPU
		{9212D990-2166-4942-9989-10587AF391C8}.Debug|Any CPU.ActiveCfg = Debug|Any CPU
		{9212D990-2166-4942-9989-10587AF391C8}.Debug|Any CPU.Build.0 = Debug|Any CPU
		{9212D990-2166-4942-9989-10587AF391C8}.Release|Any CPU.ActiveCfg = Release|Any CPU
		{9212D990-2166-4942-9989-10587AF391C8}.Release|Any CPU.Build.0 = Release|Any CPU
		{9CA79B08-FB16-47A4-B6D6-B38F7CAF76B6}.Debug|Any CPU.ActiveCfg = Debug|Any CPU
		{9CA79B08-FB16-47A4-B6D6-B38F7CAF76B6}.Debug|Any CPU.Build.0 = Debug|Any CPU
		{9CA79B08-FB16-47A4-B6D6-B38F7CAF76B6}.Release|Any CPU.ActiveCfg = Release|Any CPU
		{9CA79B08-FB16-47A4-B6D6-B38F7CAF76B6}.Release|Any CPU.Build.0 = Release|Any CPU
		{A027871B-41A6-4E31-AD92-F849CB1A0F94}.Debug|Any CPU.ActiveCfg = Debug|Any CPU
		{A027871B-41A6-4E31-AD92-F849CB1A0F94}.Debug|Any CPU.Build.0 = Debug|Any CPU
		{A027871B-41A6-4E31-AD92-F849CB1A0F94}.Release|Any CPU.ActiveCfg = Release|Any CPU
		{A027871B-41A6-4E31-AD92-F849CB1A0F94}.Release|Any CPU.Build.0 = Release|Any CPU
	EndGlobalSection
	GlobalSection(NestedProjects) = preSolution
		{1139A7CF-4B17-4BB7-8C3B-A0826F536BA6} = {31854579-B32C-4B02-AB06-E5A40A1D7AC1}
		{9212D990-2166-4942-9989-10587AF391C8} = {31854579-B32C-4B02-AB06-E5A40A1D7AC1}
		{9CA79B08-FB16-47A4-B6D6-B38F7CAF76B6} = {31854579-B32C-4B02-AB06-E5A40A1D7AC1}
		{A027871B-41A6-4E31-AD92-F849CB1A0F94} = {31854579-B32C-4B02-AB06-E5A40A1D7AC1}
	EndGlobalSection
EndGlobal
